
Microsoft Visual Studio Solution File, Format Version 12.00
# Visual Studio 15
VisualStudioVersion = 15.0.28010.2036
MinimumVisualStudioVersion = 10.0.40219.1
Project("{9A19103F-16F7-4668-BE54-9A1E7A4F7556}") = "Train", "Train\Train.csproj", "{2CA67195-25E3-45C4-9C0C-2FF15A963681}"
EndProject
Project("{FAE04EC0-301F-11D3-BF4B-00C04F79EFBC}") = "Anonymous Threat", "Anonymous Threat\Anonymous Threat.csproj", "{393814EE-1D1D-421F-8999-F62C3B7B59CD}"
EndProject
Global
	GlobalSection(SolutionConfigurationPlatforms) = preSolution
		Debug|Any CPU = Debug|Any CPU
		Release|Any CPU = Release|Any CPU
	EndGlobalSection
	GlobalSection(ProjectConfigurationPlatforms) = postSolution
		{2CA67195-25E3-45C4-9C0C-2FF15A963681}.Debug|Any CPU.ActiveCfg = Debug|Any CPU
		{2CA67195-25E3-45C4-9C0C-2FF15A963681}.Debug|Any CPU.Build.0 = Debug|Any CPU
		{2CA67195-25E3-45C4-9C0C-2FF15A963681}.Release|Any CPU.ActiveCfg = Release|Any CPU
		{2CA67195-25E3-45C4-9C0C-2FF15A963681}.Release|Any CPU.Build.0 = Release|Any CPU
		{393814EE-1D1D-421F-8999-F62C3B7B59CD}.Debug|Any CPU.ActiveCfg = Debug|Any CPU
		{393814EE-1D1D-421F-8999-F62C3B7B59CD}.Debug|Any CPU.Build.0 = Debug|Any CPU
		{393814EE-1D1D-421F-8999-F62C3B7B59CD}.Release|Any CPU.ActiveCfg = Release|Any CPU
		{393814EE-1D1D-421F-8999-F62C3B7B59CD}.Release|Any CPU.Build.0 = Release|Any CPU
	EndGlobalSection
	GlobalSection(SolutionProperties) = preSolution
		HideSolutionNode = FALSE
	EndGlobalSection
	GlobalSection(ExtensibilityGlobals) = postSolution
		SolutionGuid = {537244E9-E728-4B12-9830-207513CB0849}
	EndGlobalSection
EndGlobal
