
Microsoft Visual Studio Solution File, Format Version 12.00
# Visual Studio 15
VisualStudioVersion = 15.0.28010.2050
MinimumVisualStudioVersion = 10.0.40219.1
Project("{FAE04EC0-301F-11D3-BF4B-00C04F79EFBC}") = "Reverse Strings", "Reverse Strings\Reverse Strings.csproj", "{A895CD9D-A95E-4492-8171-FC326FE0D491}"
EndProject
Project("{FAE04EC0-301F-11D3-BF4B-00C04F79EFBC}") = "Repeat Strings", "Repeat Strings\Repeat Strings.csproj", "{BFA87364-5A9B-437A-A070-B5F44EF3BC45}"
EndProject
Project("{FAE04EC0-301F-11D3-BF4B-00C04F79EFBC}") = "Substring", "Substring\Substring.csproj", "{37AECCF8-FCCD-4134-AC1F-25E5BA1BBA54}"
EndProject
Project("{FAE04EC0-301F-11D3-BF4B-00C04F79EFBC}") = "Text Filter", "Text Filter\Text Filter.csproj", "{2A9E8833-1644-4603-AFDE-523E6CD832BD}"
EndProject
Project("{FAE04EC0-301F-11D3-BF4B-00C04F79EFBC}") = "Digits Letters and Other", "Digits Letters and Other\Digits Letters and Other.csproj", "{39502919-4B5D-4F9E-8C08-EBF9F763A5A4}"
EndProject
Global
	GlobalSection(SolutionConfigurationPlatforms) = preSolution
		Debug|Any CPU = Debug|Any CPU
		Release|Any CPU = Release|Any CPU
	EndGlobalSection
	GlobalSection(ProjectConfigurationPlatforms) = postSolution
		{A895CD9D-A95E-4492-8171-FC326FE0D491}.Debug|Any CPU.ActiveCfg = Debug|Any CPU
		{A895CD9D-A95E-4492-8171-FC326FE0D491}.Debug|Any CPU.Build.0 = Debug|Any CPU
		{A895CD9D-A95E-4492-8171-FC326FE0D491}.Release|Any CPU.ActiveCfg = Release|Any CPU
		{A895CD9D-A95E-4492-8171-FC326FE0D491}.Release|Any CPU.Build.0 = Release|Any CPU
		{BFA87364-5A9B-437A-A070-B5F44EF3BC45}.Debug|Any CPU.ActiveCfg = Debug|Any CPU
		{BFA87364-5A9B-437A-A070-B5F44EF3BC45}.Debug|Any CPU.Build.0 = Debug|Any CPU
		{BFA87364-5A9B-437A-A070-B5F44EF3BC45}.Release|Any CPU.ActiveCfg = Release|Any CPU
		{BFA87364-5A9B-437A-A070-B5F44EF3BC45}.Release|Any CPU.Build.0 = Release|Any CPU
		{37AECCF8-FCCD-4134-AC1F-25E5BA1BBA54}.Debug|Any CPU.ActiveCfg = Debug|Any CPU
		{37AECCF8-FCCD-4134-AC1F-25E5BA1BBA54}.Debug|Any CPU.Build.0 = Debug|Any CPU
		{37AECCF8-FCCD-4134-AC1F-25E5BA1BBA54}.Release|Any CPU.ActiveCfg = Release|Any CPU
		{37AECCF8-FCCD-4134-AC1F-25E5BA1BBA54}.Release|Any CPU.Build.0 = Release|Any CPU
		{2A9E8833-1644-4603-AFDE-523E6CD832BD}.Debug|Any CPU.ActiveCfg = Debug|Any CPU
		{2A9E8833-1644-4603-AFDE-523E6CD832BD}.Debug|Any CPU.Build.0 = Debug|Any CPU
		{2A9E8833-1644-4603-AFDE-523E6CD832BD}.Release|Any CPU.ActiveCfg = Release|Any CPU
		{2A9E8833-1644-4603-AFDE-523E6CD832BD}.Release|Any CPU.Build.0 = Release|Any CPU
		{39502919-4B5D-4F9E-8C08-EBF9F763A5A4}.Debug|Any CPU.ActiveCfg = Debug|Any CPU
		{39502919-4B5D-4F9E-8C08-EBF9F763A5A4}.Debug|Any CPU.Build.0 = Debug|Any CPU
		{39502919-4B5D-4F9E-8C08-EBF9F763A5A4}.Release|Any CPU.ActiveCfg = Release|Any CPU
		{39502919-4B5D-4F9E-8C08-EBF9F763A5A4}.Release|Any CPU.Build.0 = Release|Any CPU
	EndGlobalSection
	GlobalSection(SolutionProperties) = preSolution
		HideSolutionNode = FALSE
	EndGlobalSection
	GlobalSection(ExtensibilityGlobals) = postSolution
		SolutionGuid = {0B0A7E2E-D3FD-4682-97FA-0211F9AFFAAF}
	EndGlobalSection
EndGlobal
