
Microsoft Visual Studio Solution File, Format Version 12.00
# Visual Studio 15
VisualStudioVersion = 15.0.28010.2036
MinimumVisualStudioVersion = 10.0.40219.1
Project("{FAE04EC0-301F-11D3-BF4B-00C04F79EFBC}") = "Party Profit", "Party Profit\Party Profit.csproj", "{B1482D8E-A585-4A56-B411-8C9148E17343}"
EndProject
Project("{FAE04EC0-301F-11D3-BF4B-00C04F79EFBC}") = "Dungeonest Dark", "Dungeonest Dark\Dungeonest Dark.csproj", "{7DEF0662-0522-4DD3-AE82-FA02143A95DC}"
EndProject
Project("{FAE04EC0-301F-11D3-BF4B-00C04F79EFBC}") = "Quests Journal", "Quests Journal\Quests Journal.csproj", "{B46B5213-2A26-4734-B54D-B5A5E4D023F1}"
EndProject
Global
	GlobalSection(SolutionConfigurationPlatforms) = preSolution
		Debug|Any CPU = Debug|Any CPU
		Release|Any CPU = Release|Any CPU
	EndGlobalSection
	GlobalSection(ProjectConfigurationPlatforms) = postSolution
		{B1482D8E-A585-4A56-B411-8C9148E17343}.Debug|Any CPU.ActiveCfg = Debug|Any CPU
		{B1482D8E-A585-4A56-B411-8C9148E17343}.Debug|Any CPU.Build.0 = Debug|Any CPU
		{B1482D8E-A585-4A56-B411-8C9148E17343}.Release|Any CPU.ActiveCfg = Release|Any CPU
		{B1482D8E-A585-4A56-B411-8C9148E17343}.Release|Any CPU.Build.0 = Release|Any CPU
		{7DEF0662-0522-4DD3-AE82-FA02143A95DC}.Debug|Any CPU.ActiveCfg = Debug|Any CPU
		{7DEF0662-0522-4DD3-AE82-FA02143A95DC}.Debug|Any CPU.Build.0 = Debug|Any CPU
		{7DEF0662-0522-4DD3-AE82-FA02143A95DC}.Release|Any CPU.ActiveCfg = Release|Any CPU
		{7DEF0662-0522-4DD3-AE82-FA02143A95DC}.Release|Any CPU.Build.0 = Release|Any CPU
		{B46B5213-2A26-4734-B54D-B5A5E4D023F1}.Debug|Any CPU.ActiveCfg = Debug|Any CPU
		{B46B5213-2A26-4734-B54D-B5A5E4D023F1}.Debug|Any CPU.Build.0 = Debug|Any CPU
		{B46B5213-2A26-4734-B54D-B5A5E4D023F1}.Release|Any CPU.ActiveCfg = Release|Any CPU
		{B46B5213-2A26-4734-B54D-B5A5E4D023F1}.Release|Any CPU.Build.0 = Release|Any CPU
	EndGlobalSection
	GlobalSection(SolutionProperties) = preSolution
		HideSolutionNode = FALSE
	EndGlobalSection
	GlobalSection(ExtensibilityGlobals) = postSolution
		SolutionGuid = {FB26A2FE-525F-4EB7-97AE-A342AA40E691}
	EndGlobalSection
EndGlobal
