
Microsoft Visual Studio Solution File, Format Version 12.00
# Visual Studio 15
VisualStudioVersion = 15.0.28010.2036
MinimumVisualStudioVersion = 10.0.40219.1
Project("{9A19103F-16F7-4668-BE54-9A1E7A4F7556}") = "Integer Operations", "Integer Operations\Integer Operations.csproj", "{AFEA670E-25C9-4289-808A-DF038D2E95AF}"
EndProject
Project("{FAE04EC0-301F-11D3-BF4B-00C04F79EFBC}") = "Circle Area", "Circle Area\Circle Area.csproj", "{E8BCD74D-1543-4E2F-889B-60A76A55472A}"
EndProject
Project("{FAE04EC0-301F-11D3-BF4B-00C04F79EFBC}") = "Exact Sum of Real Numbers", "Exact Sum of Real Numbers\Exact Sum of Real Numbers.csproj", "{2471A0FF-60AE-4AD3-B543-ED27D742A2DE}"
EndProject
Project("{FAE04EC0-301F-11D3-BF4B-00C04F79EFBC}") = "Elevator", "Elevator\Elevator.csproj", "{BB6598AD-0E56-44C8-A802-11ECBED75907}"
EndProject
Project("{FAE04EC0-301F-11D3-BF4B-00C04F79EFBC}") = "Centuries to Minutes", "Centuries to Minutes\Centuries to Minutes.csproj", "{DBA67149-87A3-4F5A-B5E0-50190215DAF9}"
EndProject
Project("{FAE04EC0-301F-11D3-BF4B-00C04F79EFBC}") = "Special Numbers", "Special Numbers\Special Numbers.csproj", "{3F2C6D9A-7D90-4ED2-86D7-723FD5DB5473}"
EndProject
Project("{FAE04EC0-301F-11D3-BF4B-00C04F79EFBC}") = "Triples of Latin Letters", "Triples of Latin Letters\Triples of Latin Letters.csproj", "{80453793-D5A3-4FE4-94B0-C3ED525FA0EB}"
EndProject
Project("{FAE04EC0-301F-11D3-BF4B-00C04F79EFBC}") = "Concat Names", "Concat Names\Concat Names.csproj", "{6E4B67BC-0C7B-4A75-AAA2-80FDEC6D6C33}"
EndProject
Project("{FAE04EC0-301F-11D3-BF4B-00C04F79EFBC}") = "Refactor Volume of Pyramid", "Refactor Volume of Pyramid\Refactor Volume of Pyramid.csproj", "{3E12FFE6-A618-4FA2-A9C1-57FB9C84C129}"
EndProject
Project("{FAE04EC0-301F-11D3-BF4B-00C04F79EFBC}") = "Refactor Special Numbers", "Refactor Special Numbers\Refactor Special Numbers.csproj", "{9B2120A9-6162-4E0E-9C9E-CF0A830848FF}"
EndProject
Global
	GlobalSection(SolutionConfigurationPlatforms) = preSolution
		Debug|Any CPU = Debug|Any CPU
		Release|Any CPU = Release|Any CPU
	EndGlobalSection
	GlobalSection(ProjectConfigurationPlatforms) = postSolution
		{AFEA670E-25C9-4289-808A-DF038D2E95AF}.Debug|Any CPU.ActiveCfg = Debug|Any CPU
		{AFEA670E-25C9-4289-808A-DF038D2E95AF}.Debug|Any CPU.Build.0 = Debug|Any CPU
		{AFEA670E-25C9-4289-808A-DF038D2E95AF}.Release|Any CPU.ActiveCfg = Release|Any CPU
		{AFEA670E-25C9-4289-808A-DF038D2E95AF}.Release|Any CPU.Build.0 = Release|Any CPU
		{E8BCD74D-1543-4E2F-889B-60A76A55472A}.Debug|Any CPU.ActiveCfg = Debug|Any CPU
		{E8BCD74D-1543-4E2F-889B-60A76A55472A}.Debug|Any CPU.Build.0 = Debug|Any CPU
		{E8BCD74D-1543-4E2F-889B-60A76A55472A}.Release|Any CPU.ActiveCfg = Release|Any CPU
		{E8BCD74D-1543-4E2F-889B-60A76A55472A}.Release|Any CPU.Build.0 = Release|Any CPU
		{2471A0FF-60AE-4AD3-B543-ED27D742A2DE}.Debug|Any CPU.ActiveCfg = Debug|Any CPU
		{2471A0FF-60AE-4AD3-B543-ED27D742A2DE}.Debug|Any CPU.Build.0 = Debug|Any CPU
		{2471A0FF-60AE-4AD3-B543-ED27D742A2DE}.Release|Any CPU.ActiveCfg = Release|Any CPU
		{2471A0FF-60AE-4AD3-B543-ED27D742A2DE}.Release|Any CPU.Build.0 = Release|Any CPU
		{BB6598AD-0E56-44C8-A802-11ECBED75907}.Debug|Any CPU.ActiveCfg = Debug|Any CPU
		{BB6598AD-0E56-44C8-A802-11ECBED75907}.Debug|Any CPU.Build.0 = Debug|Any CPU
		{BB6598AD-0E56-44C8-A802-11ECBED75907}.Release|Any CPU.ActiveCfg = Release|Any CPU
		{BB6598AD-0E56-44C8-A802-11ECBED75907}.Release|Any CPU.Build.0 = Release|Any CPU
		{DBA67149-87A3-4F5A-B5E0-50190215DAF9}.Debug|Any CPU.ActiveCfg = Debug|Any CPU
		{DBA67149-87A3-4F5A-B5E0-50190215DAF9}.Debug|Any CPU.Build.0 = Debug|Any CPU
		{DBA67149-87A3-4F5A-B5E0-50190215DAF9}.Release|Any CPU.ActiveCfg = Release|Any CPU
		{DBA67149-87A3-4F5A-B5E0-50190215DAF9}.Release|Any CPU.Build.0 = Release|Any CPU
		{3F2C6D9A-7D90-4ED2-86D7-723FD5DB5473}.Debug|Any CPU.ActiveCfg = Debug|Any CPU
		{3F2C6D9A-7D90-4ED2-86D7-723FD5DB5473}.Debug|Any CPU.Build.0 = Debug|Any CPU
		{3F2C6D9A-7D90-4ED2-86D7-723FD5DB5473}.Release|Any CPU.ActiveCfg = Release|Any CPU
		{3F2C6D9A-7D90-4ED2-86D7-723FD5DB5473}.Release|Any CPU.Build.0 = Release|Any CPU
		{80453793-D5A3-4FE4-94B0-C3ED525FA0EB}.Debug|Any CPU.ActiveCfg = Debug|Any CPU
		{80453793-D5A3-4FE4-94B0-C3ED525FA0EB}.Debug|Any CPU.Build.0 = Debug|Any CPU
		{80453793-D5A3-4FE4-94B0-C3ED525FA0EB}.Release|Any CPU.ActiveCfg = Release|Any CPU
		{80453793-D5A3-4FE4-94B0-C3ED525FA0EB}.Release|Any CPU.Build.0 = Release|Any CPU
		{6E4B67BC-0C7B-4A75-AAA2-80FDEC6D6C33}.Debug|Any CPU.ActiveCfg = Debug|Any CPU
		{6E4B67BC-0C7B-4A75-AAA2-80FDEC6D6C33}.Debug|Any CPU.Build.0 = Debug|Any CPU
		{6E4B67BC-0C7B-4A75-AAA2-80FDEC6D6C33}.Release|Any CPU.ActiveCfg = Release|Any CPU
		{6E4B67BC-0C7B-4A75-AAA2-80FDEC6D6C33}.Release|Any CPU.Build.0 = Release|Any CPU
		{3E12FFE6-A618-4FA2-A9C1-57FB9C84C129}.Debug|Any CPU.ActiveCfg = Debug|Any CPU
		{3E12FFE6-A618-4FA2-A9C1-57FB9C84C129}.Debug|Any CPU.Build.0 = Debug|Any CPU
		{3E12FFE6-A618-4FA2-A9C1-57FB9C84C129}.Release|Any CPU.ActiveCfg = Release|Any CPU
		{3E12FFE6-A618-4FA2-A9C1-57FB9C84C129}.Release|Any CPU.Build.0 = Release|Any CPU
		{9B2120A9-6162-4E0E-9C9E-CF0A830848FF}.Debug|Any CPU.ActiveCfg = Debug|Any CPU
		{9B2120A9-6162-4E0E-9C9E-CF0A830848FF}.Debug|Any CPU.Build.0 = Debug|Any CPU
		{9B2120A9-6162-4E0E-9C9E-CF0A830848FF}.Release|Any CPU.ActiveCfg = Release|Any CPU
		{9B2120A9-6162-4E0E-9C9E-CF0A830848FF}.Release|Any CPU.Build.0 = Release|Any CPU
	EndGlobalSection
	GlobalSection(SolutionProperties) = preSolution
		HideSolutionNode = FALSE
	EndGlobalSection
	GlobalSection(ExtensibilityGlobals) = postSolution
		SolutionGuid = {0B9849B8-CB70-44E6-AAB8-2124B2D394E3}
	EndGlobalSection
EndGlobal
