
Microsoft Visual Studio Solution File, Format Version 12.00
# Visual Studio 15
VisualStudioVersion = 15.0.28307.106
MinimumVisualStudioVersion = 10.0.40219.1
Project("{9A19103F-16F7-4668-BE54-9A1E7A4F7556}") = "Concert", "Concert\Concert.csproj", "{0D6A5B67-74B4-41D8-96E1-7CDA22F78874}"
EndProject
Project("{FAE04EC0-301F-11D3-BF4B-00C04F79EFBC}") = "Song Encryption", "Song Encryption\Song Encryption.csproj", "{4487046D-832A-49FE-8B84-AB43B21797AA}"
EndProject
Global
	GlobalSection(SolutionConfigurationPlatforms) = preSolution
		Debug|Any CPU = Debug|Any CPU
		Release|Any CPU = Release|Any CPU
	EndGlobalSection
	GlobalSection(ProjectConfigurationPlatforms) = postSolution
		{0D6A5B67-74B4-41D8-96E1-7CDA22F78874}.Debug|Any CPU.ActiveCfg = Debug|Any CPU
		{0D6A5B67-74B4-41D8-96E1-7CDA22F78874}.Debug|Any CPU.Build.0 = Debug|Any CPU
		{0D6A5B67-74B4-41D8-96E1-7CDA22F78874}.Release|Any CPU.ActiveCfg = Release|Any CPU
		{0D6A5B67-74B4-41D8-96E1-7CDA22F78874}.Release|Any CPU.Build.0 = Release|Any CPU
		{4487046D-832A-49FE-8B84-AB43B21797AA}.Debug|Any CPU.ActiveCfg = Debug|Any CPU
		{4487046D-832A-49FE-8B84-AB43B21797AA}.Debug|Any CPU.Build.0 = Debug|Any CPU
		{4487046D-832A-49FE-8B84-AB43B21797AA}.Release|Any CPU.ActiveCfg = Release|Any CPU
		{4487046D-832A-49FE-8B84-AB43B21797AA}.Release|Any CPU.Build.0 = Release|Any CPU
	EndGlobalSection
	GlobalSection(SolutionProperties) = preSolution
		HideSolutionNode = FALSE
	EndGlobalSection
	GlobalSection(ExtensibilityGlobals) = postSolution
		SolutionGuid = {D25DD583-B7B7-49B7-9E1D-8EB76D9D7753}
	EndGlobalSection
EndGlobal
